{
  "name": "gs",
  "version": "1.0.0",
  "lockfileVersion": 3,
  "requires": true,
  "packages": {
    "": {
      "name": "gs",
      "version": "1.0.0",
      "license": "ISC",
      "dependencies": {
        "curreny_convertor": "^1.2.0"
      }
    },
    "node_modules/@everapi/freecurrencyapi-js": {
      "version": "1.0.1",
      "resolved": "https://registry.npmjs.org/@everapi/freecurrencyapi-js/-/freecurrencyapi-js-1.0.1.tgz",
      "integrity": "sha512-GusI6Fdu4gEZhEyOOZKf9KOnSp3Atb3zLUQIp0X569LphBEv0IrZF2CALmbTmut4DacqqlP2zOpeS96bkAt2yQ=="
    },
    "node_modules/curreny_convertor": {
      "version": "1.2.0",
      "resolved": "https://registry.npmjs.org/curreny_convertor/-/curreny_convertor-1.2.0.tgz",
      "integrity": "sha512-KULr4bHCPQTGzIJ3xX2ZwKyZM0dPgH8UsSTe/MH8pMr8wuh3+pynVYNY8qTWGWAhIRcLNOsuQxULF/aEqJbMGw==",
      "dependencies": {
        "@everapi/freecurrencyapi-js": "^1.0.1"
      }
    }
  }
}
